
Microsoft Visual Studio Solution File, Format Version 12.00
# Visual Studio Version 16
VisualStudioVersion = 16.0.29403.142
MinimumVisualStudioVersion = 10.0.40219.1
Project("{FAE04EC0-301F-11D3-BF4B-00C04F79EFBC}") = "Exam3", "Exam3\Exam3.csproj", "{F28ADDEA-87EC-4B2B-8C2A-670151C9C6DF}"
EndProject
Global
	GlobalSection(SolutionConfigurationPlatforms) = preSolution
		Debug|Any CPU = Debug|Any CPU
		Release|Any CPU = Release|Any CPU
	EndGlobalSection
	GlobalSection(ProjectConfigurationPlatforms) = postSolution
		{F28ADDEA-87EC-4B2B-8C2A-670151C9C6DF}.Debug|Any CPU.ActiveCfg = Debug|Any CPU
		{F28ADDEA-87EC-4B2B-8C2A-670151C9C6DF}.Debug|Any CPU.Build.0 = Debug|Any CPU
		{F28ADDEA-87EC-4B2B-8C2A-670151C9C6DF}.Release|Any CPU.ActiveCfg = Release|Any CPU
		{F28ADDEA-87EC-4B2B-8C2A-670151C9C6DF}.Release|Any CPU.Build.0 = Release|Any CPU
	EndGlobalSection
	GlobalSection(SolutionProperties) = preSolution
		HideSolutionNode = FALSE
	EndGlobalSection
	GlobalSection(ExtensibilityGlobals) = postSolution
		SolutionGuid = {4A7E3CA2-AE83-4A62-9E1A-17E7A9216480}
	EndGlobalSection
EndGlobal
